// !$*UTF8*$!
{
	archiveVersion = 1;
	classes = {
	};
	objectVersion = 50;
	objects = {

/* Begin PBXBuildFile section */
		2E6FEAC638DE258AD6785958 /* Pods_AutoObjectInit.framework in Frameworks */ = {isa = PBXBuildFile; fileRef = B5D0DF4C1761E649A0203F04 /* Pods_AutoObjectInit.framework */; };
		A64B5F80217CFF45007E2A3D /* EasyConstruction.swift in Sources */ = {isa = PBXBuildFile; fileRef = A64B5F7F217CFF45007E2A3D /* EasyConstruction.swift */; };
		A64B5F82217D00A5007E2A3D /* README.md in Resources */ = {isa = PBXBuildFile; fileRef = A64B5F81217D00A5007E2A3D /* README.md */; };
		A6F7C8CD217B3D5700EAB1DD /* AppDelegate.swift in Sources */ = {isa = PBXBuildFile; fileRef = A6F7C8CC217B3D5700EAB1DD /* AppDelegate.swift */; };
		A6F7C8D4217B3D5900EAB1DD /* Assets.xcassets in Resources */ = {isa = PBXBuildFile; fileRef = A6F7C8D3217B3D5900EAB1DD /* Assets.xcassets */; };
		A6F7C8D7217B3D5900EAB1DD /* LaunchScreen.storyboard in Resources */ = {isa = PBXBuildFile; fileRef = A6F7C8D5217B3D5900EAB1DD /* LaunchScreen.storyboard */; };
		A6F7C8F3217B3E2600EAB1DD /* AutoObjectInit.generated.swift in Sources */ = {isa = PBXBuildFile; fileRef = A6F7C8ED217B3E2500EAB1DD /* AutoObjectInit.generated.swift */; };
		A6F7C8F4217B3E2600EAB1DD /* AutoObjectInitMarker.swift in Sources */ = {isa = PBXBuildFile; fileRef = A6F7C8EE217B3E2500EAB1DD /* AutoObjectInitMarker.swift */; };
		A6F7C8F5217B3E2600EAB1DD /* AutoPublicInit.generated.swift in Sources */ = {isa = PBXBuildFile; fileRef = A6F7C8EF217B3E2500EAB1DD /* AutoPublicInit.generated.swift */; };
		A6F7C8F7217B3E2600EAB1DD /* AutoPublicInitMarker.swift in Sources */ = {isa = PBXBuildFile; fileRef = A6F7C8F1217B3E2500EAB1DD /* AutoPublicInitMarker.swift */; };
		A6F7C8F8217B3E2600EAB1DD /* AutoPublicInit.stencil in Resources */ = {isa = PBXBuildFile; fileRef = A6F7C8F2217B3E2500EAB1DD /* AutoPublicInit.stencil */; };
		A6F7C8FB217B3E9300EAB1DD /* CoreData.framework in Frameworks */ = {isa = PBXBuildFile; fileRef = A6F7C8FA217B3E9300EAB1DD /* CoreData.framework */; };
		A6F7C8FE217B415600EAB1DD /* Dog.swift in Sources */ = {isa = PBXBuildFile; fileRef = A6F7C8FD217B415600EAB1DD /* Dog.swift */; };
		A6F7C901217B418400EAB1DD /* AutoObjectInit.xcdatamodeld in Sources */ = {isa = PBXBuildFile; fileRef = A6F7C8FF217B418300EAB1DD /* AutoObjectInit.xcdatamodeld */; };
		A6F7C922217B568300EAB1DD /* CDToy+CoreDataClass.swift in Sources */ = {isa = PBXBuildFile; fileRef = A6F7C91E217B568300EAB1DD /* CDToy+CoreDataClass.swift */; };
		A6F7C923217B568300EAB1DD /* CDToy+CoreDataProperties.swift in Sources */ = {isa = PBXBuildFile; fileRef = A6F7C91F217B568300EAB1DD /* CDToy+CoreDataProperties.swift */; };
		A6F7C924217B568300EAB1DD /* CDDog+CoreDataClass.swift in Sources */ = {isa = PBXBuildFile; fileRef = A6F7C920217B568300EAB1DD /* CDDog+CoreDataClass.swift */; };
		A6F7C925217B568300EAB1DD /* CDDog+CoreDataProperties.swift in Sources */ = {isa = PBXBuildFile; fileRef = A6F7C921217B568300EAB1DD /* CDDog+CoreDataProperties.swift */; };
/* End PBXBuildFile section */

/* Begin PBXFileReference section */
		04FE09F910A3AD41BD5F165A /* Pods-AutoObjectInit.release.xcconfig */ = {isa = PBXFileReference; includeInIndex = 1; lastKnownFileType = text.xcconfig; name = "Pods-AutoObjectInit.release.xcconfig"; path = "Pods/Target Support Files/Pods-AutoObjectInit/Pods-AutoObjectInit.release.xcconfig"; sourceTree = "<group>"; };
		7E1A8B4C567DBA5CCD1A0F7A /* Pods-AutoObjectInit.debug.xcconfig */ = {isa = PBXFileReference; includeInIndex = 1; lastKnownFileType = text.xcconfig; name = "Pods-AutoObjectInit.debug.xcconfig"; path = "Pods/Target Support Files/Pods-AutoObjectInit/Pods-AutoObjectInit.debug.xcconfig"; sourceTree = "<group>"; };
		A64B5F7F217CFF45007E2A3D /* EasyConstruction.swift */ = {isa = PBXFileReference; lastKnownFileType = sourcecode.swift; path = EasyConstruction.swift; sourceTree = "<group>"; };
		A64B5F81217D00A5007E2A3D /* README.md */ = {isa = PBXFileReference; fileEncoding = 4; lastKnownFileType = net.daringfireball.markdown; path = README.md; sourceTree = SOURCE_ROOT; };
		A6F7C8C9217B3D5700EAB1DD /* AutoObjectInit.app */ = {isa = PBXFileReference; explicitFileType = wrapper.application; includeInIndex = 0; path = AutoObjectInit.app; sourceTree = BUILT_PRODUCTS_DIR; };
		A6F7C8CC217B3D5700EAB1DD /* AppDelegate.swift */ = {isa = PBXFileReference; lastKnownFileType = sourcecode.swift; path = AppDelegate.swift; sourceTree = "<group>"; };
		A6F7C8D3217B3D5900EAB1DD /* Assets.xcassets */ = {isa = PBXFileReference; lastKnownFileType = folder.assetcatalog; path = Assets.xcassets; sourceTree = "<group>"; };
		A6F7C8D6217B3D5900EAB1DD /* Base */ = {isa = PBXFileReference; lastKnownFileType = file.storyboard; name = Base; path = Base.lproj/LaunchScreen.storyboard; sourceTree = "<group>"; };
		A6F7C8D8217B3D5900EAB1DD /* Info.plist */ = {isa = PBXFileReference; lastKnownFileType = text.plist.xml; path = Info.plist; sourceTree = "<group>"; };
		A6F7C8ED217B3E2500EAB1DD /* AutoObjectInit.generated.swift */ = {isa = PBXFileReference; fileEncoding = 4; lastKnownFileType = sourcecode.swift; path = AutoObjectInit.generated.swift; sourceTree = "<group>"; };
		A6F7C8EE217B3E2500EAB1DD /* AutoObjectInitMarker.swift */ = {isa = PBXFileReference; fileEncoding = 4; lastKnownFileType = sourcecode.swift; path = AutoObjectInitMarker.swift; sourceTree = "<group>"; };
		A6F7C8EF217B3E2500EAB1DD /* AutoPublicInit.generated.swift */ = {isa = PBXFileReference; fileEncoding = 4; lastKnownFileType = sourcecode.swift; path = AutoPublicInit.generated.swift; sourceTree = "<group>"; };
		A6F7C8F1217B3E2500EAB1DD /* AutoPublicInitMarker.swift */ = {isa = PBXFileReference; fileEncoding = 4; lastKnownFileType = sourcecode.swift; path = AutoPublicInitMarker.swift; sourceTree = "<group>"; };
		A6F7C8F2217B3E2500EAB1DD /* AutoPublicInit.stencil */ = {isa = PBXFileReference; fileEncoding = 4; lastKnownFileType = text; path = AutoPublicInit.stencil; sourceTree = "<group>"; };
		A6F7C8F9217B3E7E00EAB1DD /* AutoObjectInit.stencil */ = {isa = PBXFileReference; lastKnownFileType = text; path = AutoObjectInit.stencil; sourceTree = "<group>"; };
		A6F7C8FA217B3E9300EAB1DD /* CoreData.framework */ = {isa = PBXFileReference; lastKnownFileType = wrapper.framework; name = CoreData.framework; path = System/Library/Frameworks/CoreData.framework; sourceTree = SDKROOT; };
		A6F7C8FD217B415600EAB1DD /* Dog.swift */ = {isa = PBXFileReference; lastKnownFileType = sourcecode.swift; path = Dog.swift; sourceTree = "<group>"; };
		A6F7C900217B418300EAB1DD /* AutoObjectInit.xcdatamodel */ = {isa = PBXFileReference; lastKnownFileType = wrapper.xcdatamodel; path = AutoObjectInit.xcdatamodel; sourceTree = "<group>"; };
		A6F7C91E217B568300EAB1DD /* CDToy+CoreDataClass.swift */ = {isa = PBXFileReference; lastKnownFileType = sourcecode.swift; path = "CDToy+CoreDataClass.swift"; sourceTree = "<group>"; };
		A6F7C91F217B568300EAB1DD /* CDToy+CoreDataProperties.swift */ = {isa = PBXFileReference; lastKnownFileType = sourcecode.swift; path = "CDToy+CoreDataProperties.swift"; sourceTree = "<group>"; };
		A6F7C920217B568300EAB1DD /* CDDog+CoreDataClass.swift */ = {isa = PBXFileReference; lastKnownFileType = sourcecode.swift; path = "CDDog+CoreDataClass.swift"; sourceTree = "<group>"; };
		A6F7C921217B568300EAB1DD /* CDDog+CoreDataProperties.swift */ = {isa = PBXFileReference; lastKnownFileType = sourcecode.swift; path = "CDDog+CoreDataProperties.swift"; sourceTree = "<group>"; };
		B5D0DF4C1761E649A0203F04 /* Pods_AutoObjectInit.framework */ = {isa = PBXFileReference; explicitFileType = wrapper.framework; includeInIndex = 0; path = Pods_AutoObjectInit.framework; sourceTree = BUILT_PRODUCTS_DIR; };
/* End PBXFileReference section */

/* Begin PBXFrameworksBuildPhase section */
		A6F7C8C6217B3D5700EAB1DD /* Frameworks */ = {
			isa = PBXFrameworksBuildPhase;
			buildActionMask = 2147483647;
			files = (
				A6F7C8FB217B3E9300EAB1DD /* CoreData.framework in Frameworks */,
				2E6FEAC638DE258AD6785958 /* Pods_AutoObjectInit.framework in Frameworks */,
			);
			runOnlyForDeploymentPostprocessing = 0;
		};
/* End PBXFrameworksBuildPhase section */

/* Begin PBXGroup section */
		8548075CBE463A7CE7118402 /* Frameworks */ = {
			isa = PBXGroup;
			children = (
				A6F7C8FA217B3E9300EAB1DD /* CoreData.framework */,
				B5D0DF4C1761E649A0203F04 /* Pods_AutoObjectInit.framework */,
			);
			name = Frameworks;
			sourceTree = "<group>";
		};
		A6F7C8C0217B3D5700EAB1DD = {
			isa = PBXGroup;
			children = (
				A6F7C8CB217B3D5700EAB1DD /* AutoObjectInit */,
				A6F7C8CA217B3D5700EAB1DD /* Products */,
				CF7F8963F3D9644AA6E326BA /* Pods */,
				8548075CBE463A7CE7118402 /* Frameworks */,
			);
			sourceTree = "<group>";
		};
		A6F7C8CA217B3D5700EAB1DD /* Products */ = {
			isa = PBXGroup;
			children = (
				A6F7C8C9217B3D5700EAB1DD /* AutoObjectInit.app */,
			);
			name = Products;
			sourceTree = "<group>";
		};
		A6F7C8CB217B3D5700EAB1DD /* AutoObjectInit */ = {
			isa = PBXGroup;
			children = (
				A6F7C8CC217B3D5700EAB1DD /* AppDelegate.swift */,
				A6F7C8FD217B415600EAB1DD /* Dog.swift */,
				A6F7C8FF217B418300EAB1DD /* AutoObjectInit.xcdatamodeld */,
				A6F7C91E217B568300EAB1DD /* CDToy+CoreDataClass.swift */,
				A6F7C91F217B568300EAB1DD /* CDToy+CoreDataProperties.swift */,
				A6F7C920217B568300EAB1DD /* CDDog+CoreDataClass.swift */,
				A6F7C921217B568300EAB1DD /* CDDog+CoreDataProperties.swift */,
				A6F7C8EC217B3E2500EAB1DD /* Autogeneration */,
				A6F7C8D3217B3D5900EAB1DD /* Assets.xcassets */,
				A6F7C8D5217B3D5900EAB1DD /* LaunchScreen.storyboard */,
				A64B5F81217D00A5007E2A3D /* README.md */,
				A6F7C8D8217B3D5900EAB1DD /* Info.plist */,
			);
			path = AutoObjectInit;
			sourceTree = "<group>";
		};
		A6F7C8EC217B3E2500EAB1DD /* Autogeneration */ = {
			isa = PBXGroup;
			children = (
				A6F7C8EE217B3E2500EAB1DD /* AutoObjectInitMarker.swift */,
				A6F7C8F9217B3E7E00EAB1DD /* AutoObjectInit.stencil */,
				A6F7C8ED217B3E2500EAB1DD /* AutoObjectInit.generated.swift */,
				A64B5F7F217CFF45007E2A3D /* EasyConstruction.swift */,
				A6F7C8F1217B3E2500EAB1DD /* AutoPublicInitMarker.swift */,
				A6F7C8F2217B3E2500EAB1DD /* AutoPublicInit.stencil */,
				A6F7C8EF217B3E2500EAB1DD /* AutoPublicInit.generated.swift */,
			);
			path = Autogeneration;
			sourceTree = "<group>";
		};
		CF7F8963F3D9644AA6E326BA /* Pods */ = {
			isa = PBXGroup;
			children = (
				7E1A8B4C567DBA5CCD1A0F7A /* Pods-AutoObjectInit.debug.xcconfig */,
				04FE09F910A3AD41BD5F165A /* Pods-AutoObjectInit.release.xcconfig */,
			);
			name = Pods;
			sourceTree = "<group>";
		};
/* End PBXGroup section */

/* Begin PBXNativeTarget section */
		A6F7C8C8217B3D5700EAB1DD /* AutoObjectInit */ = {
			isa = PBXNativeTarget;
			buildConfigurationList = A6F7C8E6217B3D5900EAB1DD /* Build configuration list for PBXNativeTarget "AutoObjectInit" */;
			buildPhases = (
				462AE5CEA001B17EF467B91C /* [CP] Check Pods Manifest.lock */,
				A6F7C8FC217B3EB300EAB1DD /* Sourcery */,
				A6F7C8C5217B3D5700EAB1DD /* Sources */,
				A6F7C8C6217B3D5700EAB1DD /* Frameworks */,
				A6F7C8C7217B3D5700EAB1DD /* Resources */,
			);
			buildRules = (
			);
			dependencies = (
			);
			name = AutoObjectInit;
			productName = AutoObjectInit;
			productReference = A6F7C8C9217B3D5700EAB1DD /* AutoObjectInit.app */;
			productType = "com.apple.product-type.application";
		};
/* End PBXNativeTarget section */

/* Begin PBXProject section */
		A6F7C8C1217B3D5700EAB1DD /* Project object */ = {
			isa = PBXProject;
			attributes = {
				LastSwiftUpdateCheck = 1000;
				LastUpgradeCheck = 1000;
				ORGANIZATIONNAME = "Oleg Petrychuk";
				TargetAttributes = {
					A6F7C8C8217B3D5700EAB1DD = {
						CreatedOnToolsVersion = 10.0;
					};
				};
			};
			buildConfigurationList = A6F7C8C4217B3D5700EAB1DD /* Build configuration list for PBXProject "AutoObjectInit" */;
			compatibilityVersion = "Xcode 9.3";
			developmentRegion = en;
			hasScannedForEncodings = 0;
			knownRegions = (
				en,
				Base,
			);
			mainGroup = A6F7C8C0217B3D5700EAB1DD;
			productRefGroup = A6F7C8CA217B3D5700EAB1DD /* Products */;
			projectDirPath = "";
			projectRoot = "";
			targets = (
				A6F7C8C8217B3D5700EAB1DD /* AutoObjectInit */,
			);
		};
/* End PBXProject section */

/* Begin PBXResourcesBuildPhase section */
		A6F7C8C7217B3D5700EAB1DD /* Resources */ = {
			isa = PBXResourcesBuildPhase;
			buildActionMask = 2147483647;
			files = (
				A6F7C8D7217B3D5900EAB1DD /* LaunchScreen.storyboard in Resources */,
				A6F7C8D4217B3D5900EAB1DD /* Assets.xcassets in Resources */,
				A64B5F82217D00A5007E2A3D /* README.md in Resources */,
				A6F7C8F8217B3E2600EAB1DD /* AutoPublicInit.stencil in Resources */,
			);
			runOnlyForDeploymentPostprocessing = 0;
		};
/* End PBXResourcesBuildPhase section */

/* Begin PBXShellScriptBuildPhase section */
		462AE5CEA001B17EF467B91C /* [CP] Check Pods Manifest.lock */ = {
			isa = PBXShellScriptBuildPhase;
			buildActionMask = 2147483647;
			files = (
			);
			inputFileListPaths = (
			);
			inputPaths = (
				"${PODS_PODFILE_DIR_PATH}/Podfile.lock",
				"${PODS_ROOT}/Manifest.lock",
			);
			name = "[CP] Check Pods Manifest.lock";
			outputFileListPaths = (
			);
			outputPaths = (
				"$(DERIVED_FILE_DIR)/Pods-AutoObjectInit-checkManifestLockResult.txt",
			);
			runOnlyForDeploymentPostprocessing = 0;
			shellPath = /bin/sh;
			shellScript = "diff \"${PODS_PODFILE_DIR_PATH}/Podfile.lock\" \"${PODS_ROOT}/Manifest.lock\" > /dev/null\nif [ $? != 0 ] ; then\n    # print error to STDERR\n    echo \"error: The sandbox is not in sync with the Podfile.lock. Run 'pod install' or update your CocoaPods installation.\" >&2\n    exit 1\nfi\n# This output is used by Xcode 'outputs' to avoid re-running this script phase.\necho \"SUCCESS\" > \"${SCRIPT_OUTPUT_FILE_0}\"\n";
			showEnvVarsInLog = 0;
		};
		A6F7C8FC217B3EB300EAB1DD /* Sourcery */ = {
			isa = PBXShellScriptBuildPhase;
			buildActionMask = 2147483647;
			files = (
			);
			inputFileListPaths = (
			);
			inputPaths = (
			);
			name = Sourcery;
			outputFileListPaths = (
			);
			outputPaths = (
			);
			runOnlyForDeploymentPostprocessing = 0;
			shellPath = /bin/sh;
			shellScript = "$PODS_ROOT/Sourcery/bin/sourcery --sources $PROJECT_DIR/AutoObjectInit --templates $PROJECT_DIR/AutoObjectInit/Autogeneration/AutoPublicInit.stencil --output $PROJECT_DIR/AutoObjectInit/Autogeneration/AutoPublicInit.generated.swift\n$PODS_ROOT/Sourcery/bin/sourcery --sources $PROJECT_DIR/AutoObjectInit --templates $PROJECT_DIR/AutoObjectInit/Autogeneration/AutoObjectInit.stencil --output $PROJECT_DIR/AutoObjectInit/Autogeneration/AutoObjectInit.generated.swift\n";
		};
/* End PBXShellScriptBuildPhase section */

/* Begin PBXSourcesBuildPhase section */
		A6F7C8C5217B3D5700EAB1DD /* Sources */ = {
			isa = PBXSourcesBuildPhase;
			buildActionMask = 2147483647;
			files = (
				A6F7C8F7217B3E2600EAB1DD /* AutoPublicInitMarker.swift in Sources */,
				A6F7C8F3217B3E2600EAB1DD /* AutoObjectInit.generated.swift in Sources */,
				A64B5F80217CFF45007E2A3D /* EasyConstruction.swift in Sources */,
				A6F7C8FE217B415600EAB1DD /* Dog.swift in Sources */,
				A6F7C922217B568300EAB1DD /* CDToy+CoreDataClass.swift in Sources */,
				A6F7C901217B418400EAB1DD /* AutoObjectInit.xcdatamodeld in Sources */,
				A6F7C8CD217B3D5700EAB1DD /* AppDelegate.swift in Sources */,
				A6F7C8F5217B3E2600EAB1DD /* AutoPublicInit.generated.swift in Sources */,
				A6F7C924217B568300EAB1DD /* CDDog+CoreDataClass.swift in Sources */,
				A6F7C925217B568300EAB1DD /* CDDog+CoreDataProperties.swift in Sources */,
				A6F7C8F4217B3E2600EAB1DD /* AutoObjectInitMarker.swift in Sources */,
				A6F7C923217B568300EAB1DD /* CDToy+CoreDataProperties.swift in Sources */,
			);
			runOnlyForDeploymentPostprocessing = 0;
		};
/* End PBXSourcesBuildPhase section */

/* Begin PBXVariantGroup section */
		A6F7C8D5217B3D5900EAB1DD /* LaunchScreen.storyboard */ = {
			isa = PBXVariantGroup;
			children = (
				A6F7C8D6217B3D5900EAB1DD /* Base */,
			);
			name = LaunchScreen.storyboard;
			sourceTree = "<group>";
		};
/* End PBXVariantGroup section */

/* Begin XCBuildConfiguration section */
		A6F7C8E4217B3D5900EAB1DD /* Debug */ = {
			isa = XCBuildConfiguration;
			buildSettings = {
				ALWAYS_SEARCH_USER_PATHS = NO;
				CLANG_ANALYZER_NONNULL = YES;
				CLANG_ANALYZER_NUMBER_OBJECT_CONVERSION = YES_AGGRESSIVE;
				CLANG_CXX_LANGUAGE_STANDARD = "gnu++14";
				CLANG_CXX_LIBRARY = "libc++";
				CLANG_ENABLE_MODULES = YES;
				CLANG_ENABLE_OBJC_ARC = YES;
				CLANG_ENABLE_OBJC_WEAK = YES;
				CLANG_WARN_BLOCK_CAPTURE_AUTORELEASING = YES;
				CLANG_WARN_BOOL_CONVERSION = YES;
				CLANG_WARN_COMMA = YES;
				CLANG_WARN_CONSTANT_CONVERSION = YES;
				CLANG_WARN_DEPRECATED_OBJC_IMPLEMENTATIONS = YES;
				CLANG_WARN_DIRECT_OBJC_ISA_USAGE = YES_ERROR;
				CLANG_WARN_DOCUMENTATION_COMMENTS = YES;
				CLANG_WARN_EMPTY_BODY = YES;
				CLANG_WARN_ENUM_CONVERSION = YES;
				CLANG_WARN_INFINITE_RECURSION = YES;
				CLANG_WARN_INT_CONVERSION = YES;
				CLANG_WARN_NON_LITERAL_NULL_CONVERSION = YES;
				CLANG_WARN_OBJC_IMPLICIT_RETAIN_SELF = YES;
				CLANG_WARN_OBJC_LITERAL_CONVERSION = YES;
				CLANG_WARN_OBJC_ROOT_CLASS = YES_ERROR;
				CLANG_WARN_RANGE_LOOP_ANALYSIS = YES;
				CLANG_WARN_STRICT_PROTOTYPES = YES;
				CLANG_WARN_SUSPICIOUS_MOVE = YES;
				CLANG_WARN_UNGUARDED_AVAILABILITY = YES_AGGRESSIVE;
				CLANG_WARN_UNREACHABLE_CODE = YES;
				CLANG_WARN__DUPLICATE_METHOD_MATCH = YES;
				CODE_SIGN_IDENTITY = "iPhone Developer";
				COPY_PHASE_STRIP = NO;
				DEBUG_INFORMATION_FORMAT = dwarf;
				ENABLE_STRICT_OBJC_MSGSEND = YES;
				ENABLE_TESTABILITY = YES;
				GCC_C_LANGUAGE_STANDARD = gnu11;
				GCC_DYNAMIC_NO_PIC = NO;
				GCC_NO_COMMON_BLOCKS = YES;
				GCC_OPTIMIZATION_LEVEL = 0;
				GCC_PREPROCESSOR_DEFINITIONS = (
					"DEBUG=1",
					"$(inherited)",
				);
				GCC_WARN_64_TO_32_BIT_CONVERSION = YES;
				GCC_WARN_ABOUT_RETURN_TYPE = YES_ERROR;
				GCC_WARN_UNDECLARED_SELECTOR = YES;
				GCC_WARN_UNINITIALIZED_AUTOS = YES_AGGRESSIVE;
				GCC_WARN_UNUSED_FUNCTION = YES;
				GCC_WARN_UNUSED_VARIABLE = YES;
				IPHONEOS_DEPLOYMENT_TARGET = 12.0;
				MTL_ENABLE_DEBUG_INFO = INCLUDE_SOURCE;
				MTL_FAST_MATH = YES;
				ONLY_ACTIVE_ARCH = YES;
				SDKROOT = iphoneos;
				SWIFT_ACTIVE_COMPILATION_CONDITIONS = DEBUG;
				SWIFT_OPTIMIZATION_LEVEL = "-Onone";
			};
			name = Debug;
		};
		A6F7C8E5217B3D5900EAB1DD /* Release */ = {
			isa = XCBuildConfiguration;
			buildSettings = {
				ALWAYS_SEARCH_USER_PATHS = NO;
				CLANG_ANALYZER_NONNULL = YES;
				CLANG_ANALYZER_NUMBER_OBJECT_CONVERSION = YES_AGGRESSIVE;
				CLANG_CXX_LANGUAGE_STANDARD = "gnu++14";
				CLANG_CXX_LIBRARY = "libc++";
				CLANG_ENABLE_MODULES = YES;
				CLANG_ENABLE_OBJC_ARC = YES;
				CLANG_ENABLE_OBJC_WEAK = YES;
				CLANG_WARN_BLOCK_CAPTURE_AUTORELEASING = YES;
				CLANG_WARN_BOOL_CONVERSION = YES;
				CLANG_WARN_COMMA = YES;
				CLANG_WARN_CONSTANT_CONVERSION = YES;
				CLANG_WARN_DEPRECATED_OBJC_IMPLEMENTATIONS = YES;
				CLANG_WARN_DIRECT_OBJC_ISA_USAGE = YES_ERROR;
				CLANG_WARN_DOCUMENTATION_COMMENTS = YES;
				CLANG_WARN_EMPTY_BODY = YES;
				CLANG_WARN_ENUM_CONVERSION = YES;
				CLANG_WARN_INFINITE_RECURSION = YES;
				CLANG_WARN_INT_CONVERSION = YES;
				CLANG_WARN_NON_LITERAL_NULL_CONVERSION = YES;
				CLANG_WARN_OBJC_IMPLICIT_RETAIN_SELF = YES;
				CLANG_WARN_OBJC_LITERAL_CONVERSION = YES;
				CLANG_WARN_OBJC_ROOT_CLASS = YES_ERROR;
				CLANG_WARN_RANGE_LOOP_ANALYSIS = YES;
				CLANG_WARN_STRICT_PROTOTYPES = YES;
				CLANG_WARN_SUSPICIOUS_MOVE = YES;
				CLANG_WARN_UNGUARDED_AVAILABILITY = YES_AGGRESSIVE;
				CLANG_WARN_UNREACHABLE_CODE = YES;
				CLANG_WARN__DUPLICATE_METHOD_MATCH = YES;
				CODE_SIGN_IDENTITY = "iPhone Developer";
				COPY_PHASE_STRIP = NO;
				DEBUG_INFORMATION_FORMAT = "dwarf-with-dsym";
				ENABLE_NS_ASSERTIONS = NO;
				ENABLE_STRICT_OBJC_MSGSEND = YES;
				GCC_C_LANGUAGE_STANDARD = gnu11;
				GCC_NO_COMMON_BLOCKS = YES;
				GCC_WARN_64_TO_32_BIT_CONVERSION = YES;
				GCC_WARN_ABOUT_RETURN_TYPE = YES_ERROR;
				GCC_WARN_UNDECLARED_SELECTOR = YES;
				GCC_WARN_UNINITIALIZED_AUTOS = YES_AGGRESSIVE;
				GCC_WARN_UNUSED_FUNCTION = YES;
				GCC_WARN_UNUSED_VARIABLE = YES;
				IPHONEOS_DEPLOYMENT_TARGET = 12.0;
				MTL_ENABLE_DEBUG_INFO = NO;
				MTL_FAST_MATH = YES;
				SDKROOT = iphoneos;
				SWIFT_COMPILATION_MODE = wholemodule;
				SWIFT_OPTIMIZATION_LEVEL = "-O";
				VALIDATE_PRODUCT = YES;
			};
			name = Release;
		};
		A6F7C8E7217B3D5900EAB1DD /* Debug */ = {
			isa = XCBuildConfiguration;
			baseConfigurationReference = 7E1A8B4C567DBA5CCD1A0F7A /* Pods-AutoObjectInit.debug.xcconfig */;
			buildSettings = {
				ASSETCATALOG_COMPILER_APPICON_NAME = AppIcon;
				CODE_SIGN_STYLE = Automatic;
				INFOPLIST_FILE = AutoObjectInit/Info.plist;
				LD_RUNPATH_SEARCH_PATHS = (
					"$(inherited)",
					"@executable_path/Frameworks",
				);
				PRODUCT_BUNDLE_IDENTIFIER = "Oleh-Petrychuk.AutoObjectInit";
				PRODUCT_NAME = "$(TARGET_NAME)";
				SWIFT_VERSION = 4.2;
				TARGETED_DEVICE_FAMILY = "1,2";
			};
			name = Debug;
		};
		A6F7C8E8217B3D5900EAB1DD /* Release */ = {
			isa = XCBuildConfiguration;
			baseConfigurationReference = 04FE09F910A3AD41BD5F165A /* Pods-AutoObjectInit.release.xcconfig */;
			buildSettings = {
				ASSETCATALOG_COMPILER_APPICON_NAME = AppIcon;
				CODE_SIGN_STYLE = Automatic;
				INFOPLIST_FILE = AutoObjectInit/Info.plist;
				LD_RUNPATH_SEARCH_PATHS = (
					"$(inherited)",
					"@executable_path/Frameworks",
				);
				PRODUCT_BUNDLE_IDENTIFIER = "Oleh-Petrychuk.AutoObjectInit";
				PRODUCT_NAME = "$(TARGET_NAME)";
				SWIFT_VERSION = 4.2;
				TARGETED_DEVICE_FAMILY = "1,2";
			};
			name = Release;
		};
/* End XCBuildConfiguration section */

/* Begin XCConfigurationList section */
		A6F7C8C4217B3D5700EAB1DD /* Build configuration list for PBXProject "AutoObjectInit" */ = {
			isa = XCConfigurationList;
			buildConfigurations = (
				A6F7C8E4217B3D5900EAB1DD /* Debug */,
				A6F7C8E5217B3D5900EAB1DD /* Release */,
			);
			defaultConfigurationIsVisible = 0;
			defaultConfigurationName = Release;
		};
		A6F7C8E6217B3D5900EAB1DD /* Build configuration list for PBXNativeTarget "AutoObjectInit" */ = {
			isa = XCConfigurationList;
			buildConfigurations = (
				A6F7C8E7217B3D5900EAB1DD /* Debug */,
				A6F7C8E8217B3D5900EAB1DD /* Release */,
			);
			defaultConfigurationIsVisible = 0;
			defaultConfigurationName = Release;
		};
/* End XCConfigurationList section */

/* Begin XCVersionGroup section */
		A6F7C8FF217B418300EAB1DD /* AutoObjectInit.xcdatamodeld */ = {
			isa = XCVersionGroup;
			children = (
				A6F7C900217B418300EAB1DD /* AutoObjectInit.xcdatamodel */,
			);
			currentVersion = A6F7C900217B418300EAB1DD /* AutoObjectInit.xcdatamodel */;
			path = AutoObjectInit.xcdatamodeld;
			sourceTree = "<group>";
			versionGroupType = wrapper.xcdatamodel;
		};
/* End XCVersionGroup section */
	};
	rootObject = A6F7C8C1217B3D5700EAB1DD /* Project object */;
}
